// !$*UTF8*$!
{
	archiveVersion = 1;
	classes = {
	};
	objectVersion = 46;
	objects = {

/* Begin PBXBuildFile section */
		0846B941190C6B1C0071280A /* AstronomicalData.m in Sources */ = {isa = PBXBuildFile; fileRef = 0846B940190C6B1C0071280A /* AstronomicalData.m */; };
		088E40BB190AF37800837117 /* Foundation.framework in Frameworks */ = {isa = PBXBuildFile; fileRef = 088E40BA190AF37800837117 /* Foundation.framework */; };
		088E40BD190AF37800837117 /* CoreGraphics.framework in Frameworks */ = {isa = PBXBuildFile; fileRef = 088E40BC190AF37800837117 /* CoreGraphics.framework */; };
		088E40BF190AF37800837117 /* UIKit.framework in Frameworks */ = {isa = PBXBuildFile; fileRef = 088E40BE190AF37800837117 /* UIKit.framework */; };
		088E40C5190AF37800837117 /* InfoPlist.strings in Resources */ = {isa = PBXBuildFile; fileRef = 088E40C3190AF37800837117 /* InfoPlist.strings */; };
		088E40C7190AF37800837117 /* main.m in Sources */ = {isa = PBXBuildFile; fileRef = 088E40C6190AF37800837117 /* main.m */; };
		088E40CB190AF37800837117 /* MSOWAppDelegate.m in Sources */ = {isa = PBXBuildFile; fileRef = 088E40CA190AF37800837117 /* MSOWAppDelegate.m */; };
		088E40CE190AF37800837117 /* Main.storyboard in Resources */ = {isa = PBXBuildFile; fileRef = 088E40CC190AF37800837117 /* Main.storyboard */; };
		088E40D3190AF37800837117 /* Images.xcassets in Resources */ = {isa = PBXBuildFile; fileRef = 088E40D2190AF37800837117 /* Images.xcassets */; };
		088E40DA190AF37800837117 /* XCTest.framework in Frameworks */ = {isa = PBXBuildFile; fileRef = 088E40D9190AF37800837117 /* XCTest.framework */; };
		088E40DB190AF37800837117 /* Foundation.framework in Frameworks */ = {isa = PBXBuildFile; fileRef = 088E40BA190AF37800837117 /* Foundation.framework */; };
		088E40DC190AF37800837117 /* UIKit.framework in Frameworks */ = {isa = PBXBuildFile; fileRef = 088E40BE190AF37800837117 /* UIKit.framework */; };
		088E40E4190AF37800837117 /* InfoPlist.strings in Resources */ = {isa = PBXBuildFile; fileRef = 088E40E2190AF37800837117 /* InfoPlist.strings */; };
		088E40E6190AF37800837117 /* Out_of_This_WorldTests.m in Sources */ = {isa = PBXBuildFile; fileRef = 088E40E5190AF37800837117 /* Out_of_This_WorldTests.m */; };
		088E40F1190AF49E00837117 /* MSOWOuterSpaceTableViewController.m in Sources */ = {isa = PBXBuildFile; fileRef = 088E40F0190AF49E00837117 /* MSOWOuterSpaceTableViewController.m */; };
		088E4196190EDE6300837117 /* Earth.jpg in Resources */ = {isa = PBXBuildFile; fileRef = 088E418C190EDE6300837117 /* Earth.jpg */; };
		088E4197190EDE6300837117 /* EinsteinRing.jpg in Resources */ = {isa = PBXBuildFile; fileRef = 088E418D190EDE6300837117 /* EinsteinRing.jpg */; };
		088E4198190EDE6300837117 /* Jupiter.jpg in Resources */ = {isa = PBXBuildFile; fileRef = 088E418E190EDE6300837117 /* Jupiter.jpg */; };
		088E4199190EDE6300837117 /* Mars.jpg in Resources */ = {isa = PBXBuildFile; fileRef = 088E418F190EDE6300837117 /* Mars.jpg */; };
		088E419A190EDE6300837117 /* Mercury.jpg in Resources */ = {isa = PBXBuildFile; fileRef = 088E4190190EDE6300837117 /* Mercury.jpg */; };
		088E419B190EDE6300837117 /* Neptune.jpg in Resources */ = {isa = PBXBuildFile; fileRef = 088E4191190EDE6300837117 /* Neptune.jpg */; };
		088E419C190EDE6300837117 /* Orion.jpg in Resources */ = {isa = PBXBuildFile; fileRef = 088E4192190EDE6300837117 /* Orion.jpg */; };
		088E419D190EDE6300837117 /* Saturn.jpg in Resources */ = {isa = PBXBuildFile; fileRef = 088E4193190EDE6300837117 /* Saturn.jpg */; };
		088E419E190EDE6300837117 /* Uranus.jpg in Resources */ = {isa = PBXBuildFile; fileRef = 088E4194190EDE6300837117 /* Uranus.jpg */; };
		088E419F190EDE6300837117 /* Venus.jpg in Resources */ = {isa = PBXBuildFile; fileRef = 088E4195190EDE6300837117 /* Venus.jpg */; };
		088E41A2190EDEA600837117 /* MSOWSpaceObject.m in Sources */ = {isa = PBXBuildFile; fileRef = 088E41A1190EDEA600837117 /* MSOWSpaceObject.m */; };
		088E41F5190F0C2900837117 /* MSOWPlanetImageViewController.m in Sources */ = {isa = PBXBuildFile; fileRef = 088E41F4190F0C2900837117 /* MSOWPlanetImageViewController.m */; };
		088E42C619107BA300837117 /* MSOWPlanetDataViewController.m in Sources */ = {isa = PBXBuildFile; fileRef = 088E42C519107BA300837117 /* MSOWPlanetDataViewController.m */; };
		088E42C91911B9D500837117 /* MSOWAddObjectViewController.m in Sources */ = {isa = PBXBuildFile; fileRef = 088E42C81911B9D500837117 /* MSOWAddObjectViewController.m */; };
/* End PBXBuildFile section */

/* Begin PBXContainerItemProxy section */
		088E40DD190AF37800837117 /* PBXContainerItemProxy */ = {
			isa = PBXContainerItemProxy;
			containerPortal = 088E40AF190AF37800837117 /* Project object */;
			proxyType = 1;
			remoteGlobalIDString = 088E40B6190AF37800837117;
			remoteInfo = "Out of This World";
		};
/* End PBXContainerItemProxy section */

/* Begin PBXFileReference section */
		0846B93F190C6B1C0071280A /* AstronomicalData.h */ = {isa = PBXFileReference; fileEncoding = 4; lastKnownFileType = sourcecode.c.h; path = AstronomicalData.h; sourceTree = "<group>"; };
		0846B940190C6B1C0071280A /* AstronomicalData.m */ = {isa = PBXFileReference; fileEncoding = 4; lastKnownFileType = sourcecode.c.objc; path = AstronomicalData.m; sourceTree = "<group>"; };
		088E40B7190AF37800837117 /* Out of This World.app */ = {isa = PBXFileReference; explicitFileType = wrapper.application; includeInIndex = 0; path = "Out of This World.app"; sourceTree = BUILT_PRODUCTS_DIR; };
		088E40BA190AF37800837117 /* Foundation.framework */ = {isa = PBXFileReference; lastKnownFileType = wrapper.framework; name = Foundation.framework; path = System/Library/Frameworks/Foundation.framework; sourceTree = SDKROOT; };
		088E40BC190AF37800837117 /* CoreGraphics.framework */ = {isa = PBXFileReference; lastKnownFileType = wrapper.framework; name = CoreGraphics.framework; path = System/Library/Frameworks/CoreGraphics.framework; sourceTree = SDKROOT; };
		088E40BE190AF37800837117 /* UIKit.framework */ = {isa = PBXFileReference; lastKnownFileType = wrapper.framework; name = UIKit.framework; path = System/Library/Frameworks/UIKit.framework; sourceTree = SDKROOT; };
		088E40C2190AF37800837117 /* Out of This World-Info.plist */ = {isa = PBXFileReference; lastKnownFileType = text.plist.xml; path = "Out of This World-Info.plist"; sourceTree = "<group>"; };
		088E40C4190AF37800837117 /* en */ = {isa = PBXFileReference; lastKnownFileType = text.plist.strings; name = en; path = en.lproj/InfoPlist.strings; sourceTree = "<group>"; };
		088E40C6190AF37800837117 /* main.m */ = {isa = PBXFileReference; lastKnownFileType = sourcecode.c.objc; path = main.m; sourceTree = "<group>"; };
		088E40C8190AF37800837117 /* Out of This World-Prefix.pch */ = {isa = PBXFileReference; lastKnownFileType = sourcecode.c.h; path = "Out of This World-Prefix.pch"; sourceTree = "<group>"; };
		088E40C9190AF37800837117 /* MSOWAppDelegate.h */ = {isa = PBXFileReference; lastKnownFileType = sourcecode.c.h; path = MSOWAppDelegate.h; sourceTree = "<group>"; };
		088E40CA190AF37800837117 /* MSOWAppDelegate.m */ = {isa = PBXFileReference; lastKnownFileType = sourcecode.c.objc; path = MSOWAppDelegate.m; sourceTree = "<group>"; };
		088E40CD190AF37800837117 /* Base */ = {isa = PBXFileReference; lastKnownFileType = file.storyboard; name = Base; path = Base.lproj/Main.storyboard; sourceTree = "<group>"; };
		088E40D2190AF37800837117 /* Images.xcassets */ = {isa = PBXFileReference; lastKnownFileType = folder.assetcatalog; path = Images.xcassets; sourceTree = "<group>"; };
		088E40D8190AF37800837117 /* Out of This WorldTests.xctest */ = {isa = PBXFileReference; explicitFileType = wrapper.cfbundle; includeInIndex = 0; path = "Out of This WorldTests.xctest"; sourceTree = BUILT_PRODUCTS_DIR; };
		088E40D9190AF37800837117 /* XCTest.framework */ = {isa = PBXFileReference; lastKnownFileType = wrapper.framework; name = XCTest.framework; path = Library/Frameworks/XCTest.framework; sourceTree = DEVELOPER_DIR; };
		088E40E1190AF37800837117 /* Out of This WorldTests-Info.plist */ = {isa = PBXFileReference; lastKnownFileType = text.plist.xml; path = "Out of This WorldTests-Info.plist"; sourceTree = "<group>"; };
		088E40E3190AF37800837117 /* en */ = {isa = PBXFileReference; lastKnownFileType = text.plist.strings; name = en; path = en.lproj/InfoPlist.strings; sourceTree = "<group>"; };
		088E40E5190AF37800837117 /* Out_of_This_WorldTests.m */ = {isa = PBXFileReference; lastKnownFileType = sourcecode.c.objc; path = Out_of_This_WorldTests.m; sourceTree = "<group>"; };
		088E40EF190AF49E00837117 /* MSOWOuterSpaceTableViewController.h */ = {isa = PBXFileReference; fileEncoding = 4; lastKnownFileType = sourcecode.c.h; name = MSOWOuterSpaceTableViewController.h; path = ../MSOWOuterSpaceTableViewController.h; sourceTree = "<group>"; };
		088E40F0190AF49E00837117 /* MSOWOuterSpaceTableViewController.m */ = {isa = PBXFileReference; fileEncoding = 4; lastKnownFileType = sourcecode.c.objc; name = MSOWOuterSpaceTableViewController.m; path = ../MSOWOuterSpaceTableViewController.m; sourceTree = "<group>"; };
		088E418C190EDE6300837117 /* Earth.jpg */ = {isa = PBXFileReference; lastKnownFileType = image.jpeg; path = Earth.jpg; sourceTree = "<group>"; };
		088E418D190EDE6300837117 /* EinsteinRing.jpg */ = {isa = PBXFileReference; lastKnownFileType = image.jpeg; path = EinsteinRing.jpg; sourceTree = "<group>"; };
		088E418E190EDE6300837117 /* Jupiter.jpg */ = {isa = PBXFileReference; lastKnownFileType = image.jpeg; path = Jupiter.jpg; sourceTree = "<group>"; };
		088E418F190EDE6300837117 /* Mars.jpg */ = {isa = PBXFileReference; lastKnownFileType = image.jpeg; path = Mars.jpg; sourceTree = "<group>"; };
		088E4190190EDE6300837117 /* Mercury.jpg */ = {isa = PBXFileReference; lastKnownFileType = image.jpeg; path = Mercury.jpg; sourceTree = "<group>"; };
		088E4191190EDE6300837117 /* Neptune.jpg */ = {isa = PBXFileReference; lastKnownFileType = image.jpeg; path = Neptune.jpg; sourceTree = "<group>"; };
		088E4192190EDE6300837117 /* Orion.jpg */ = {isa = PBXFileReference; lastKnownFileType = image.jpeg; path = Orion.jpg; sourceTree = "<group>"; };
		088E4193190EDE6300837117 /* Saturn.jpg */ = {isa = PBXFileReference; lastKnownFileType = image.jpeg; path = Saturn.jpg; sourceTree = "<group>"; };
		088E4194190EDE6300837117 /* Uranus.jpg */ = {isa = PBXFileReference; lastKnownFileType = image.jpeg; path = Uranus.jpg; sourceTree = "<group>"; };
		088E4195190EDE6300837117 /* Venus.jpg */ = {isa = PBXFileReference; lastKnownFileType = image.jpeg; path = Venus.jpg; sourceTree = "<group>"; };
		088E41A0190EDEA600837117 /* MSOWSpaceObject.h */ = {isa = PBXFileReference; fileEncoding = 4; lastKnownFileType = sourcecode.c.h; path = MSOWSpaceObject.h; sourceTree = "<group>"; };
		088E41A1190EDEA600837117 /* MSOWSpaceObject.m */ = {isa = PBXFileReference; fileEncoding = 4; lastKnownFileType = sourcecode.c.objc; path = MSOWSpaceObject.m; sourceTree = "<group>"; };
		088E41F3190F0C2900837117 /* MSOWPlanetImageViewController.h */ = {isa = PBXFileReference; fileEncoding = 4; lastKnownFileType = sourcecode.c.h; path = MSOWPlanetImageViewController.h; sourceTree = "<group>"; };
		088E41F4190F0C2900837117 /* MSOWPlanetImageViewController.m */ = {isa = PBXFileReference; fileEncoding = 4; lastKnownFileType = sourcecode.c.objc; path = MSOWPlanetImageViewController.m; sourceTree = "<group>"; };
		088E42C419107BA300837117 /* MSOWPlanetDataViewController.h */ = {isa = PBXFileReference; fileEncoding = 4; lastKnownFileType = sourcecode.c.h; path = MSOWPlanetDataViewController.h; sourceTree = "<group>"; };
		088E42C519107BA300837117 /* MSOWPlanetDataViewController.m */ = {isa = PBXFileReference; fileEncoding = 4; lastKnownFileType = sourcecode.c.objc; path = MSOWPlanetDataViewController.m; sourceTree = "<group>"; };
		088E42C71911B9D500837117 /* MSOWAddObjectViewController.h */ = {isa = PBXFileReference; fileEncoding = 4; lastKnownFileType = sourcecode.c.h; path = MSOWAddObjectViewController.h; sourceTree = "<group>"; };
		088E42C81911B9D500837117 /* MSOWAddObjectViewController.m */ = {isa = PBXFileReference; fileEncoding = 4; lastKnownFileType = sourcecode.c.objc; path = MSOWAddObjectViewController.m; sourceTree = "<group>"; };
/* End PBXFileReference section */

/* Begin PBXFrameworksBuildPhase section */
		088E40B4190AF37800837117 /* Frameworks */ = {
			isa = PBXFrameworksBuildPhase;
			buildActionMask = 2147483647;
			files = (
				088E40BD190AF37800837117 /* CoreGraphics.framework in Frameworks */,
				088E40BF190AF37800837117 /* UIKit.framework in Frameworks */,
				088E40BB190AF37800837117 /* Foundation.framework in Frameworks */,
			);
			runOnlyForDeploymentPostprocessing = 0;
		};
		088E40D5190AF37800837117 /* Frameworks */ = {
			isa = PBXFrameworksBuildPhase;
			buildActionMask = 2147483647;
			files = (
				088E40DA190AF37800837117 /* XCTest.framework in Frameworks */,
				088E40DC190AF37800837117 /* UIKit.framework in Frameworks */,
				088E40DB190AF37800837117 /* Foundation.framework in Frameworks */,
			);
			runOnlyForDeploymentPostprocessing = 0;
		};
/* End PBXFrameworksBuildPhase section */

/* Begin PBXGroup section */
		088E40AE190AF37800837117 = {
			isa = PBXGroup;
			children = (
				088E40C0190AF37800837117 /* Out of This World */,
				088E40DF190AF37800837117 /* Out of This WorldTests */,
				088E40B9190AF37800837117 /* Frameworks */,
				088E40B8190AF37800837117 /* Products */,
			);
			sourceTree = "<group>";
		};
		088E40B8190AF37800837117 /* Products */ = {
			isa = PBXGroup;
			children = (
				088E40B7190AF37800837117 /* Out of This World.app */,
				088E40D8190AF37800837117 /* Out of This WorldTests.xctest */,
			);
			name = Products;
			sourceTree = "<group>";
		};
		088E40B9190AF37800837117 /* Frameworks */ = {
			isa = PBXGroup;
			children = (
				088E40BA190AF37800837117 /* Foundation.framework */,
				088E40BC190AF37800837117 /* CoreGraphics.framework */,
				088E40BE190AF37800837117 /* UIKit.framework */,
				088E40D9190AF37800837117 /* XCTest.framework */,
			);
			name = Frameworks;
			sourceTree = "<group>";
		};
		088E40C0190AF37800837117 /* Out of This World */ = {
			isa = PBXGroup;
			children = (
				088E40C9190AF37800837117 /* MSOWAppDelegate.h */,
				088E40CA190AF37800837117 /* MSOWAppDelegate.m */,
				088E40CC190AF37800837117 /* Main.storyboard */,
				088E40EF190AF49E00837117 /* MSOWOuterSpaceTableViewController.h */,
				088E40F0190AF49E00837117 /* MSOWOuterSpaceTableViewController.m */,
				088E41F3190F0C2900837117 /* MSOWPlanetImageViewController.h */,
				088E41F4190F0C2900837117 /* MSOWPlanetImageViewController.m */,
				088E42C419107BA300837117 /* MSOWPlanetDataViewController.h */,
				088E42C519107BA300837117 /* MSOWPlanetDataViewController.m */,
				088E42C71911B9D500837117 /* MSOWAddObjectViewController.h */,
				088E42C81911B9D500837117 /* MSOWAddObjectViewController.m */,
				088E41A0190EDEA600837117 /* MSOWSpaceObject.h */,
				088E41A1190EDEA600837117 /* MSOWSpaceObject.m */,
				088E40D2190AF37800837117 /* Images.xcassets */,
				088E40C1190AF37800837117 /* Supporting Files */,
			);
			path = "Out of This World";
			sourceTree = "<group>";
		};
		088E40C1190AF37800837117 /* Supporting Files */ = {
			isa = PBXGroup;
			children = (
				088E418B190EDE6300837117 /* planet-images */,
				0846B93F190C6B1C0071280A /* AstronomicalData.h */,
				0846B940190C6B1C0071280A /* AstronomicalData.m */,
				088E40C2190AF37800837117 /* Out of This World-Info.plist */,
				088E40C3190AF37800837117 /* InfoPlist.strings */,
				088E40C6190AF37800837117 /* main.m */,
				088E40C8190AF37800837117 /* Out of This World-Prefix.pch */,
			);
			name = "Supporting Files";
			sourceTree = "<group>";
		};
		088E40DF190AF37800837117 /* Out of This WorldTests */ = {
			isa = PBXGroup;
			children = (
				088E40E5190AF37800837117 /* Out_of_This_WorldTests.m */,
				088E40E0190AF37800837117 /* Supporting Files */,
			);
			path = "Out of This WorldTests";
			sourceTree = "<group>";
		};
		088E40E0190AF37800837117 /* Supporting Files */ = {
			isa = PBXGroup;
			children = (
				088E40E1190AF37800837117 /* Out of This WorldTests-Info.plist */,
				088E40E2190AF37800837117 /* InfoPlist.strings */,
			);
			name = "Supporting Files";
			sourceTree = "<group>";
		};
		088E418B190EDE6300837117 /* planet-images */ = {
			isa = PBXGroup;
			children = (
				088E418C190EDE6300837117 /* Earth.jpg */,
				088E418D190EDE6300837117 /* EinsteinRing.jpg */,
				088E418E190EDE6300837117 /* Jupiter.jpg */,
				088E418F190EDE6300837117 /* Mars.jpg */,
				088E4190190EDE6300837117 /* Mercury.jpg */,
				088E4191190EDE6300837117 /* Neptune.jpg */,
				088E4192190EDE6300837117 /* Orion.jpg */,
				088E4193190EDE6300837117 /* Saturn.jpg */,
				088E4194190EDE6300837117 /* Uranus.jpg */,
				088E4195190EDE6300837117 /* Venus.jpg */,
			);
			path = "planet-images";
			sourceTree = "<group>";
		};
/* End PBXGroup section */

/* Begin PBXNativeTarget section */
		088E40B6190AF37800837117 /* Out of This World */ = {
			isa = PBXNativeTarget;
			buildConfigurationList = 088E40E9190AF37800837117 /* Build configuration list for PBXNativeTarget "Out of This World" */;
			buildPhases = (
				088E40B3190AF37800837117 /* Sources */,
				088E40B4190AF37800837117 /* Frameworks */,
				088E40B5190AF37800837117 /* Resources */,
			);
			buildRules = (
			);
			dependencies = (
			);
			name = "Out of This World";
			productName = "Out of This World";
			productReference = 088E40B7190AF37800837117 /* Out of This World.app */;
			productType = "com.apple.product-type.application";
		};
		088E40D7190AF37800837117 /* Out of This WorldTests */ = {
			isa = PBXNativeTarget;
			buildConfigurationList = 088E40EC190AF37800837117 /* Build configuration list for PBXNativeTarget "Out of This WorldTests" */;
			buildPhases = (
				088E40D4190AF37800837117 /* Sources */,
				088E40D5190AF37800837117 /* Frameworks */,
				088E40D6190AF37800837117 /* Resources */,
			);
			buildRules = (
			);
			dependencies = (
				088E40DE190AF37800837117 /* PBXTargetDependency */,
			);
			name = "Out of This WorldTests";
			productName = "Out of This WorldTests";
			productReference = 088E40D8190AF37800837117 /* Out of This WorldTests.xctest */;
			productType = "com.apple.product-type.bundle.unit-test";
		};
/* End PBXNativeTarget section */

/* Begin PBXProject section */
		088E40AF190AF37800837117 /* Project object */ = {
			isa = PBXProject;
			attributes = {
				CLASSPREFIX = MSOW;
				LastUpgradeCheck = 0500;
				ORGANIZATIONNAME = "Mat Sletten";
				TargetAttributes = {
					088E40D7190AF37800837117 = {
						TestTargetID = 088E40B6190AF37800837117;
					};
				};
			};
			buildConfigurationList = 088E40B2190AF37800837117 /* Build configuration list for PBXProject "Out of This World" */;
			compatibilityVersion = "Xcode 3.2";
			developmentRegion = English;
			hasScannedForEncodings = 0;
			knownRegions = (
				en,
				Base,
			);
			mainGroup = 088E40AE190AF37800837117;
			productRefGroup = 088E40B8190AF37800837117 /* Products */;
			projectDirPath = "";
			projectRoot = "";
			targets = (
				088E40B6190AF37800837117 /* Out of This World */,
				088E40D7190AF37800837117 /* Out of This WorldTests */,
			);
		};
/* End PBXProject section */

/* Begin PBXResourcesBuildPhase section */
		088E40B5190AF37800837117 /* Resources */ = {
			isa = PBXResourcesBuildPhase;
			buildActionMask = 2147483647;
			files = (
				088E4196190EDE6300837117 /* Earth.jpg in Resources */,
				088E419F190EDE6300837117 /* Venus.jpg in Resources */,
				088E419A190EDE6300837117 /* Mercury.jpg in Resources */,
				088E419D190EDE6300837117 /* Saturn.jpg in Resources */,
				088E419E190EDE6300837117 /* Uranus.jpg in Resources */,
				088E40D3190AF37800837117 /* Images.xcassets in Resources */,
				088E419B190EDE6300837117 /* Neptune.jpg in Resources */,
				088E4199190EDE6300837117 /* Mars.jpg in Resources */,
				088E40C5190AF37800837117 /* InfoPlist.strings in Resources */,
				088E40CE190AF37800837117 /* Main.storyboard in Resources */,
				088E4197190EDE6300837117 /* EinsteinRing.jpg in Resources */,
				088E4198190EDE6300837117 /* Jupiter.jpg in Resources */,
				088E419C190EDE6300837117 /* Orion.jpg in Resources */,
			);
			runOnlyForDeploymentPostprocessing = 0;
		};
		088E40D6190AF37800837117 /* Resources */ = {
			isa = PBXResourcesBuildPhase;
			buildActionMask = 2147483647;
			files = (
				088E40E4190AF37800837117 /* InfoPlist.strings in Resources */,
			);
			runOnlyForDeploymentPostprocessing = 0;
		};
/* End PBXResourcesBuildPhase section */

/* Begin PBXSourcesBuildPhase section */
		088E40B3190AF37800837117 /* Sources */ = {
			isa = PBXSourcesBuildPhase;
			buildActionMask = 2147483647;
			files = (
				088E41F5190F0C2900837117 /* MSOWPlanetImageViewController.m in Sources */,
				088E42C619107BA300837117 /* MSOWPlanetDataViewController.m in Sources */,
				088E41A2190EDEA600837117 /* MSOWSpaceObject.m in Sources */,
				088E40CB190AF37800837117 /* MSOWAppDelegate.m in Sources */,
				088E40F1190AF49E00837117 /* MSOWOuterSpaceTableViewController.m in Sources */,
				088E42C91911B9D500837117 /* MSOWAddObjectViewController.m in Sources */,
				088E40C7190AF37800837117 /* main.m in Sources */,
				0846B941190C6B1C0071280A /* AstronomicalData.m in Sources */,
			);
			runOnlyForDeploymentPostprocessing = 0;
		};
		088E40D4190AF37800837117 /* Sources */ = {
			isa = PBXSourcesBuildPhase;
			buildActionMask = 2147483647;
			files = (
				088E40E6190AF37800837117 /* Out_of_This_WorldTests.m in Sources */,
			);
			runOnlyForDeploymentPostprocessing = 0;
		};
/* End PBXSourcesBuildPhase section */

/* Begin PBXTargetDependency section */
		088E40DE190AF37800837117 /* PBXTargetDependency */ = {
			isa = PBXTargetDependency;
			target = 088E40B6190AF37800837117 /* Out of This World */;
			targetProxy = 088E40DD190AF37800837117 /* PBXContainerItemProxy */;
		};
/* End PBXTargetDependency section */

/* Begin PBXVariantGroup section */
		088E40C3190AF37800837117 /* InfoPlist.strings */ = {
			isa = PBXVariantGroup;
			children = (
				088E40C4190AF37800837117 /* en */,
			);
			name = InfoPlist.strings;
			sourceTree = "<group>";
		};
		088E40CC190AF37800837117 /* Main.storyboard */ = {
			isa = PBXVariantGroup;
			children = (
				088E40CD190AF37800837117 /* Base */,
			);
			name = Main.storyboard;
			sourceTree = "<group>";
		};
		088E40E2190AF37800837117 /* InfoPlist.strings */ = {
			isa = PBXVariantGroup;
			children = (
				088E40E3190AF37800837117 /* en */,
			);
			name = InfoPlist.strings;
			sourceTree = "<group>";
		};
/* End PBXVariantGroup section */

/* Begin XCBuildConfiguration section */
		088E40E7190AF37800837117 /* Debug */ = {
			isa = XCBuildConfiguration;
			buildSettings = {
				ALWAYS_SEARCH_USER_PATHS = NO;
				ARCHS = "$(ARCHS_STANDARD_INCLUDING_64_BIT)";
				CLANG_CXX_LANGUAGE_STANDARD = "gnu++0x";
				CLANG_CXX_LIBRARY = "libc++";
				CLANG_ENABLE_MODULES = YES;
				CLANG_ENABLE_OBJC_ARC = YES;
				CLANG_WARN_BOOL_CONVERSION = YES;
				CLANG_WARN_CONSTANT_CONVERSION = YES;
				CLANG_WARN_DIRECT_OBJC_ISA_USAGE = YES_ERROR;
				CLANG_WARN_EMPTY_BODY = YES;
				CLANG_WARN_ENUM_CONVERSION = YES;
				CLANG_WARN_INT_CONVERSION = YES;
				CLANG_WARN_OBJC_ROOT_CLASS = YES_ERROR;
				CLANG_WARN__DUPLICATE_METHOD_MATCH = YES;
				"CODE_SIGN_IDENTITY[sdk=iphoneos*]" = "iPhone Developer";
				COPY_PHASE_STRIP = NO;
				GCC_C_LANGUAGE_STANDARD = gnu99;
				GCC_DYNAMIC_NO_PIC = NO;
				GCC_OPTIMIZATION_LEVEL = 0;
				GCC_PREPROCESSOR_DEFINITIONS = (
					"DEBUG=1",
					"$(inherited)",
				);
				GCC_SYMBOLS_PRIVATE_EXTERN = NO;
				GCC_WARN_64_TO_32_BIT_CONVERSION = YES;
				GCC_WARN_ABOUT_RETURN_TYPE = YES_ERROR;
				GCC_WARN_UNDECLARED_SELECTOR = YES;
				GCC_WARN_UNINITIALIZED_AUTOS = YES;
				GCC_WARN_UNUSED_FUNCTION = YES;
				GCC_WARN_UNUSED_VARIABLE = YES;
				IPHONEOS_DEPLOYMENT_TARGET = 7.0;
				ONLY_ACTIVE_ARCH = YES;
				SDKROOT = iphoneos;
			};
			name = Debug;
		};
		088E40E8190AF37800837117 /* Release */ = {
			isa = XCBuildConfiguration;
			buildSettings = {
				ALWAYS_SEARCH_USER_PATHS = NO;
				ARCHS = "$(ARCHS_STANDARD_INCLUDING_64_BIT)";
				CLANG_CXX_LANGUAGE_STANDARD = "gnu++0x";
				CLANG_CXX_LIBRARY = "libc++";
				CLANG_ENABLE_MODULES = YES;
				CLANG_ENABLE_OBJC_ARC = YES;
				CLANG_WARN_BOOL_CONVERSION = YES;
				CLANG_WARN_CONSTANT_CONVERSION = YES;
				CLANG_WARN_DIRECT_OBJC_ISA_USAGE = YES_ERROR;
				CLANG_WARN_EMPTY_BODY = YES;
				CLANG_WARN_ENUM_CONVERSION = YES;
				CLANG_WARN_INT_CONVERSION = YES;
				CLANG_WARN_OBJC_ROOT_CLASS = YES_ERROR;
				CLANG_WARN__DUPLICATE_METHOD_MATCH = YES;
				"CODE_SIGN_IDENTITY[sdk=iphoneos*]" = "iPhone Developer";
				COPY_PHASE_STRIP = YES;
				ENABLE_NS_ASSERTIONS = NO;
				GCC_C_LANGUAGE_STANDARD = gnu99;
				GCC_WARN_64_TO_32_BIT_CONVERSION = YES;
				GCC_WARN_ABOUT_RETURN_TYPE = YES_ERROR;
				GCC_WARN_UNDECLARED_SELECTOR = YES;
				GCC_WARN_UNINITIALIZED_AUTOS = YES;
				GCC_WARN_UNUSED_FUNCTION = YES;
				GCC_WARN_UNUSED_VARIABLE = YES;
				IPHONEOS_DEPLOYMENT_TARGET = 7.0;
				SDKROOT = iphoneos;
				VALIDATE_PRODUCT = YES;
			};
			name = Release;
		};
		088E40EA190AF37800837117 /* Debug */ = {
			isa = XCBuildConfiguration;
			buildSettings = {
				ASSETCATALOG_COMPILER_APPICON_NAME = AppIcon;
				ASSETCATALOG_COMPILER_LAUNCHIMAGE_NAME = LaunchImage;
				GCC_PRECOMPILE_PREFIX_HEADER = YES;
				GCC_PREFIX_HEADER = "Out of This World/Out of This World-Prefix.pch";
				INFOPLIST_FILE = "Out of This World/Out of This World-Info.plist";
				PRODUCT_NAME = "$(TARGET_NAME)";
				WRAPPER_EXTENSION = app;
			};
			name = Debug;
		};
		088E40EB190AF37800837117 /* Release */ = {
			isa = XCBuildConfiguration;
			buildSettings = {
				ASSETCATALOG_COMPILER_APPICON_NAME = AppIcon;
				ASSETCATALOG_COMPILER_LAUNCHIMAGE_NAME = LaunchImage;
				GCC_PRECOMPILE_PREFIX_HEADER = YES;
				GCC_PREFIX_HEADER = "Out of This World/Out of This World-Prefix.pch";
				INFOPLIST_FILE = "Out of This World/Out of This World-Info.plist";
				PRODUCT_NAME = "$(TARGET_NAME)";
				WRAPPER_EXTENSION = app;
			};
			name = Release;
		};
		088E40ED190AF37800837117 /* Debug */ = {
			isa = XCBuildConfiguration;
			buildSettings = {
				ARCHS = "$(ARCHS_STANDARD_INCLUDING_64_BIT)";
				BUNDLE_LOADER = "$(BUILT_PRODUCTS_DIR)/Out of This World.app/Out of This World";
				FRAMEWORK_SEARCH_PATHS = (
					"$(SDKROOT)/Developer/Library/Frameworks",
					"$(inherited)",
					"$(DEVELOPER_FRAMEWORKS_DIR)",
				);
				GCC_PRECOMPILE_PREFIX_HEADER = YES;
				GCC_PREFIX_HEADER = "Out of This World/Out of This World-Prefix.pch";
				GCC_PREPROCESSOR_DEFINITIONS = (
					"DEBUG=1",
					"$(inherited)",
				);
				INFOPLIST_FILE = "Out of This WorldTests/Out of This WorldTests-Info.plist";
				PRODUCT_NAME = "$(TARGET_NAME)";
				TEST_HOST = "$(BUNDLE_LOADER)";
				WRAPPER_EXTENSION = xctest;
			};
			name = Debug;
		};
		088E40EE190AF37800837117 /* Release */ = {
			isa = XCBuildConfiguration;
			buildSettings = {
				ARCHS = "$(ARCHS_STANDARD_INCLUDING_64_BIT)";
				BUNDLE_LOADER = "$(BUILT_PRODUCTS_DIR)/Out of This World.app/Out of This World";
				FRAMEWORK_SEARCH_PATHS = (
					"$(SDKROOT)/Developer/Library/Frameworks",
					"$(inherited)",
					"$(DEVELOPER_FRAMEWORKS_DIR)",
				);
				GCC_PRECOMPILE_PREFIX_HEADER = YES;
				GCC_PREFIX_HEADER = "Out of This World/Out of This World-Prefix.pch";
				INFOPLIST_FILE = "Out of This WorldTests/Out of This WorldTests-Info.plist";
				PRODUCT_NAME = "$(TARGET_NAME)";
				TEST_HOST = "$(BUNDLE_LOADER)";
				WRAPPER_EXTENSION = xctest;
			};
			name = Release;
		};
/* End XCBuildConfiguration section */

/* Begin XCConfigurationList section */
		088E40B2190AF37800837117 /* Build configuration list for PBXProject "Out of This World" */ = {
			isa = XCConfigurationList;
			buildConfigurations = (
				088E40E7190AF37800837117 /* Debug */,
				088E40E8190AF37800837117 /* Release */,
			);
			defaultConfigurationIsVisible = 0;
			defaultConfigurationName = Release;
		};
		088E40E9190AF37800837117 /* Build configuration list for PBXNativeTarget "Out of This World" */ = {
			isa = XCConfigurationList;
			buildConfigurations = (
				088E40EA190AF37800837117 /* Debug */,
				088E40EB190AF37800837117 /* Release */,
			);
			defaultConfigurationIsVisible = 0;
			defaultConfigurationName = Release;
		};
		088E40EC190AF37800837117 /* Build configuration list for PBXNativeTarget "Out of This WorldTests" */ = {
			isa = XCConfigurationList;
			buildConfigurations = (
				088E40ED190AF37800837117 /* Debug */,
				088E40EE190AF37800837117 /* Release */,
			);
			defaultConfigurationIsVisible = 0;
			defaultConfigurationName = Release;
		};
/* End XCConfigurationList section */
	};
	rootObject = 088E40AF190AF37800837117 /* Project object */;
}
